PODS:
  - agora_rtc_engine (0.0.1):
    - AgoraIrisRTC_macOS (= 4.3.2-build.1)
    - AgoraRtcEngine_macOS (= 4.3.2)
    - FlutterMacOS
  - AgoraIrisRTC_macOS (4.3.2-build.1)
  - AgoraRtcEngine_macOS (4.3.2):
    - AgoraRtcEngine_macOS/AIAEC (= 4.3.2)
    - AgoraRtcEngine_macOS/AINS (= 4.3.2)
    - AgoraRtcEngine_macOS/AudioBeauty (= 4.3.2)
    - AgoraRtcEngine_macOS/ClearVision (= 4.3.2)
    - AgoraRtcEngine_macOS/ContentInspect (= 4.3.2)
    - AgoraRtcEngine_macOS/FaceCapture (= 4.3.2)
    - AgoraRtcEngine_macOS/FaceDetection (= 4.3.2)
    - AgoraRtcEngine_macOS/LipSync (= 4.3.2)
    - AgoraRtcEngine_macOS/RtcBasic (= 4.3.2)
    - AgoraRtcEngine_macOS/ScreenCapture (= 4.3.2)
    - AgoraRtcEngine_macOS/SpatialAudio (= 4.3.2)
    - AgoraRtcEngine_macOS/VideoAv1CodecDec (= 4.3.2)
    - AgoraRtcEngine_macOS/VideoAv1CodecEnc (= 4.3.2)
    - AgoraRtcEngine_macOS/VideoCodecDec (= 4.3.2)
    - AgoraRtcEngine_macOS/VideoCodecEnc (= 4.3.2)
    - AgoraRtcEngine_macOS/VirtualBackground (= 4.3.2)
    - AgoraRtcEngine_macOS/VQA (= 4.3.2)
  - AgoraRtcEngine_macOS/AIAEC (4.3.2)
  - AgoraRtcEngine_macOS/AINS (4.3.2)
  - AgoraRtcEngine_macOS/AudioBeauty (4.3.2)
  - AgoraRtcEngine_macOS/ClearVision (4.3.2)
  - AgoraRtcEngine_macOS/ContentInspect (4.3.2)
  - AgoraRtcEngine_macOS/FaceCapture (4.3.2)
  - AgoraRtcEngine_macOS/FaceDetection (4.3.2)
  - AgoraRtcEngine_macOS/LipSync (4.3.2)
  - AgoraRtcEngine_macOS/RtcBasic (4.3.2)
  - AgoraRtcEngine_macOS/ScreenCapture (4.3.2)
  - AgoraRtcEngine_macOS/SpatialAudio (4.3.2)
  - AgoraRtcEngine_macOS/VideoAv1CodecDec (4.3.2)
  - AgoraRtcEngine_macOS/VideoAv1CodecEnc (4.3.2)
  - AgoraRtcEngine_macOS/VideoCodecDec (4.3.2)
  - AgoraRtcEngine_macOS/VideoCodecEnc (4.3.2)
  - AgoraRtcEngine_macOS/VirtualBackground (4.3.2)
  - AgoraRtcEngine_macOS/VQA (4.3.2)
  - device_info_plus (0.0.1):
    - FlutterMacOS
  - file_selector_macos (0.0.1):
    - FlutterMacOS
  - flutter_local_notifications (0.0.1):
    - FlutterMacOS
  - FlutterMacOS (1.0.0)
  - geolocator_apple (1.2.0):
    - FlutterMacOS
  - iris_method_channel (0.0.1):
    - FlutterMacOS
  - network_info_plus (0.0.1):
    - FlutterMacOS
  - package_info_plus (0.0.1):
    - FlutterMacOS
  - path_provider_foundation (0.0.1):
    - Flutter
    - FlutterMacOS
  - rive_common (0.0.1):
    - FlutterMacOS
  - shared_preferences_foundation (0.0.1):
    - Flutter
    - FlutterMacOS
  - url_launcher_macos (0.0.1):
    - FlutterMacOS

DEPENDENCIES:
  - agora_rtc_engine (from `Flutter/ephemeral/.symlinks/plugins/agora_rtc_engine/macos`)
  - device_info_plus (from `Flutter/ephemeral/.symlinks/plugins/device_info_plus/macos`)
  - file_selector_macos (from `Flutter/ephemeral/.symlinks/plugins/file_selector_macos/macos`)
  - flutter_local_notifications (from `Flutter/ephemeral/.symlinks/plugins/flutter_local_notifications/macos`)
  - FlutterMacOS (from `Flutter/ephemeral`)
  - geolocator_apple (from `Flutter/ephemeral/.symlinks/plugins/geolocator_apple/macos`)
  - iris_method_channel (from `Flutter/ephemeral/.symlinks/plugins/iris_method_channel/macos`)
  - network_info_plus (from `Flutter/ephemeral/.symlinks/plugins/network_info_plus/macos`)
  - package_info_plus (from `Flutter/ephemeral/.symlinks/plugins/package_info_plus/macos`)
  - path_provider_foundation (from `Flutter/ephemeral/.symlinks/plugins/path_provider_foundation/darwin`)
  - rive_common (from `Flutter/ephemeral/.symlinks/plugins/rive_common/macos`)
  - shared_preferences_foundation (from `Flutter/ephemeral/.symlinks/plugins/shared_preferences_foundation/darwin`)
  - url_launcher_macos (from `Flutter/ephemeral/.symlinks/plugins/url_launcher_macos/macos`)

SPEC REPOS:
  trunk:
    - AgoraIrisRTC_macOS
    - AgoraRtcEngine_macOS

EXTERNAL SOURCES:
  agora_rtc_engine:
    :path: Flutter/ephemeral/.symlinks/plugins/agora_rtc_engine/macos
  device_info_plus:
    :path: Flutter/ephemeral/.symlinks/plugins/device_info_plus/macos
  file_selector_macos:
    :path: Flutter/ephemeral/.symlinks/plugins/file_selector_macos/macos
  flutter_local_notifications:
    :path: Flutter/ephemeral/.symlinks/plugins/flutter_local_notifications/macos
  FlutterMacOS:
    :path: Flutter/ephemeral
  geolocator_apple:
    :path: Flutter/ephemeral/.symlinks/plugins/geolocator_apple/macos
  iris_method_channel:
    :path: Flutter/ephemeral/.symlinks/plugins/iris_method_channel/macos
  network_info_plus:
    :path: Flutter/ephemeral/.symlinks/plugins/network_info_plus/macos
  package_info_plus:
    :path: Flutter/ephemeral/.symlinks/plugins/package_info_plus/macos
  path_provider_foundation:
    :path: Flutter/ephemeral/.symlinks/plugins/path_provider_foundation/darwin
  rive_common:
    :path: Flutter/ephemeral/.symlinks/plugins/rive_common/macos
  shared_preferences_foundation:
    :path: Flutter/ephemeral/.symlinks/plugins/shared_preferences_foundation/darwin
  url_launcher_macos:
    :path: Flutter/ephemeral/.symlinks/plugins/url_launcher_macos/macos

SPEC CHECKSUMS:
  agora_rtc_engine: 4a1ade5822e2e2756d02e9f85d96c7fcf2cfce3d
  AgoraIrisRTC_macOS: b5997a1d17bedcea8871b3c57b3768a45e940507
  AgoraRtcEngine_macOS: 418a85d7e4a32f6314d9ced51228a330b71f8015
  device_info_plus: ce1b7762849d3ec103d0e0517299f2db7ad60720
  file_selector_macos: 54fdab7caa3ac3fc43c9fac4d7d8d231277f8cf2
  flutter_local_notifications: 3805ca215b2fb7f397d78b66db91f6a747af52e4
  FlutterMacOS: 8f6f14fa908a6fb3fba0cd85dbd81ec4b251fb24
  geolocator_apple: 72a78ae3f3e4ec0db62117bd93e34523f5011d58
  iris_method_channel: fba932d668df5b2a085f19bcd0b1f23d667a83cd
  network_info_plus: aeb9c4ed699cae128bc94b9d0f04f2389a414cbb
  package_info_plus: fa739dd842b393193c5ca93c26798dff6e3d0e0c
  path_provider_foundation: 2b6b4c569c0fb62ec74538f866245ac84301af46
  rive_common: 0f0aadf670f0c6a7872dfe3e6186f112a5319108
  shared_preferences_foundation: fcdcbc04712aee1108ac7fda236f363274528f78
  url_launcher_macos: 5f437abeda8c85500ceb03f5c1938a8c5a705399

PODFILE CHECKSUM: 203dc24b7c4e10d3da0a1202181ef250be6d4b48

COCOAPODS: 1.15.2
